// !$*UTF8*$!
{
	archiveVersion = 1;
	classes = {
	};
	objectVersion = 48;
	objects = {

/* Begin PBXBuildFile section */
		5FB6776B1FC6AF0800CAD614 /* AppDelegate.swift in Sources */ = {isa = PBXBuildFile; fileRef = 5FB6776A1FC6AF0800CAD614 /* AppDelegate.swift */; };
		5FB6776D1FC6AF0800CAD614 /* ViewController.swift in Sources */ = {isa = PBXBuildFile; fileRef = 5FB6776C1FC6AF0800CAD614 /* ViewController.swift */; };
		5FB677701FC6AF0800CAD614 /* Main.storyboard in Resources */ = {isa = PBXBuildFile; fileRef = 5FB6776E1FC6AF0800CAD614 /* Main.storyboard */; };
		5FB677721FC6AF0800CAD614 /* Assets.xcassets in Resources */ = {isa = PBXBuildFile; fileRef = 5FB677711FC6AF0800CAD614 /* Assets.xcassets */; };
		5FB677751FC6AF0800CAD614 /* LaunchScreen.storyboard in Resources */ = {isa = PBXBuildFile; fileRef = 5FB677731FC6AF0800CAD614 /* LaunchScreen.storyboard */; };
		5FB677801FC6AF0900CAD614 /* Swift_03Tests.swift in Sources */ = {isa = PBXBuildFile; fileRef = 5FB6777F1FC6AF0900CAD614 /* Swift_03Tests.swift */; };
		5FB6778B1FC6AF0900CAD614 /* Swift_03UITests.swift in Sources */ = {isa = PBXBuildFile; fileRef = 5FB6778A1FC6AF0900CAD614 /* Swift_03UITests.swift */; };
/* End PBXBuildFile section */

/* Begin PBXContainerItemProxy section */
		5FB6777C1FC6AF0900CAD614 /* PBXContainerItemProxy */ = {
			isa = PBXContainerItemProxy;
			containerPortal = 5FB6775F1FC6AF0800CAD614 /* Project object */;
			proxyType = 1;
			remoteGlobalIDString = 5FB677661FC6AF0800CAD614;
			remoteInfo = Swift_03;
		};
		5FB677871FC6AF0900CAD614 /* PBXContainerItemProxy */ = {
			isa = PBXContainerItemProxy;
			containerPortal = 5FB6775F1FC6AF0800CAD614 /* Project object */;
			proxyType = 1;
			remoteGlobalIDString = 5FB677661FC6AF0800CAD614;
			remoteInfo = Swift_03;
		};
/* End PBXContainerItemProxy section */

/* Begin PBXFileReference section */
		5FB677671FC6AF0800CAD614 /* Swift_03.app */ = {isa = PBXFileReference; explicitFileType = wrapper.application; includeInIndex = 0; path = Swift_03.app; sourceTree = BUILT_PRODUCTS_DIR; };
		5FB6776A1FC6AF0800CAD614 /* AppDelegate.swift */ = {isa = PBXFileReference; lastKnownFileType = sourcecode.swift; path = AppDelegate.swift; sourceTree = "<group>"; };
		5FB6776C1FC6AF0800CAD614 /* ViewController.swift */ = {isa = PBXFileReference; lastKnownFileType = sourcecode.swift; path = ViewController.swift; sourceTree = "<group>"; };
		5FB6776F1FC6AF0800CAD614 /* Base */ = {isa = PBXFileReference; lastKnownFileType = file.storyboard; name = Base; path = Base.lproj/Main.storyboard; sourceTree = "<group>"; };
		5FB677711FC6AF0800CAD614 /* Assets.xcassets */ = {isa = PBXFileReference; lastKnownFileType = folder.assetcatalog; path = Assets.xcassets; sourceTree = "<group>"; };
		5FB677741FC6AF0800CAD614 /* Base */ = {isa = PBXFileReference; lastKnownFileType = file.storyboard; name = Base; path = Base.lproj/LaunchScreen.storyboard; sourceTree = "<group>"; };
		5FB677761FC6AF0800CAD614 /* Info.plist */ = {isa = PBXFileReference; lastKnownFileType = text.plist.xml; path = Info.plist; sourceTree = "<group>"; };
		5FB6777B1FC6AF0900CAD614 /* Swift_03Tests.xctest */ = {isa = PBXFileReference; explicitFileType = wrapper.cfbundle; includeInIndex = 0; path = Swift_03Tests.xctest; sourceTree = BUILT_PRODUCTS_DIR; };
		5FB6777F1FC6AF0900CAD614 /* Swift_03Tests.swift */ = {isa = PBXFileReference; lastKnownFileType = sourcecode.swift; path = Swift_03Tests.swift; sourceTree = "<group>"; };
		5FB677811FC6AF0900CAD614 /* Info.plist */ = {isa = PBXFileReference; lastKnownFileType = text.plist.xml; path = Info.plist; sourceTree = "<group>"; };
		5FB677861FC6AF0900CAD614 /* Swift_03UITests.xctest */ = {isa = PBXFileReference; explicitFileType = wrapper.cfbundle; includeInIndex = 0; path = Swift_03UITests.xctest; sourceTree = BUILT_PRODUCTS_DIR; };
		5FB6778A1FC6AF0900CAD614 /* Swift_03UITests.swift */ = {isa = PBXFileReference; lastKnownFileType = sourcecode.swift; path = Swift_03UITests.swift; sourceTree = "<group>"; };
		5FB6778C1FC6AF0900CAD614 /* Info.plist */ = {isa = PBXFileReference; lastKnownFileType = text.plist.xml; path = Info.plist; sourceTree = "<group>"; };
/* End PBXFileReference section */

/* Begin PBXFrameworksBuildPhase section */
		5FB677641FC6AF0800CAD614 /* Frameworks */ = {
			isa = PBXFrameworksBuildPhase;
			buildActionMask = 2147483647;
			files = (
			);
			runOnlyForDeploymentPostprocessing = 0;
		};
		5FB677781FC6AF0900CAD614 /* Frameworks */ = {
			isa = PBXFrameworksBuildPhase;
			buildActionMask = 2147483647;
			files = (
			);
			runOnlyForDeploymentPostprocessing = 0;
		};
		5FB677831FC6AF0900CAD614 /* Frameworks */ = {
			isa = PBXFrameworksBuildPhase;
			buildActionMask = 2147483647;
			files = (
			);
			runOnlyForDeploymentPostprocessing = 0;
		};
/* End PBXFrameworksBuildPhase section */

/* Begin PBXGroup section */
		5FB6775E1FC6AF0800CAD614 = {
			isa = PBXGroup;
			children = (
				5FB677691FC6AF0800CAD614 /* Swift_03 */,
				5FB6777E1FC6AF0900CAD614 /* Swift_03Tests */,
				5FB677891FC6AF0900CAD614 /* Swift_03UITests */,
				5FB677681FC6AF0800CAD614 /* Products */,
			);
			sourceTree = "<group>";
		};
		5FB677681FC6AF0800CAD614 /* Products */ = {
			isa = PBXGroup;
			children = (
				5FB677671FC6AF0800CAD614 /* Swift_03.app */,
				5FB6777B1FC6AF0900CAD614 /* Swift_03Tests.xctest */,
				5FB677861FC6AF0900CAD614 /* Swift_03UITests.xctest */,
			);
			name = Products;
			sourceTree = "<group>";
		};
		5FB677691FC6AF0800CAD614 /* Swift_03 */ = {
			isa = PBXGroup;
			children = (
				5FB6776A1FC6AF0800CAD614 /* AppDelegate.swift */,
				5FB6776C1FC6AF0800CAD614 /* ViewController.swift */,
				5FB6776E1FC6AF0800CAD614 /* Main.storyboard */,
				5FB677711FC6AF0800CAD614 /* Assets.xcassets */,
				5FB677731FC6AF0800CAD614 /* LaunchScreen.storyboard */,
				5FB677761FC6AF0800CAD614 /* Info.plist */,
			);
			path = Swift_03;
			sourceTree = "<group>";
		};
		5FB6777E1FC6AF0900CAD614 /* Swift_03Tests */ = {
			isa = PBXGroup;
			children = (
				5FB6777F1FC6AF0900CAD614 /* Swift_03Tests.swift */,
				5FB677811FC6AF0900CAD614 /* Info.plist */,
			);
			path = Swift_03Tests;
			sourceTree = "<group>";
		};
		5FB677891FC6AF0900CAD614 /* Swift_03UITests */ = {
			isa = PBXGroup;
			children = (
				5FB6778A1FC6AF0900CAD614 /* Swift_03UITests.swift */,
				5FB6778C1FC6AF0900CAD614 /* Info.plist */,
			);
			path = Swift_03UITests;
			sourceTree = "<group>";
		};
/* End PBXGroup section */

/* Begin PBXNativeTarget section */
		5FB677661FC6AF0800CAD614 /* Swift_03 */ = {
			isa = PBXNativeTarget;
			buildConfigurationList = 5FB6778F1FC6AF0900CAD614 /* Build configuration list for PBXNativeTarget "Swift_03" */;
			buildPhases = (
				5FB677631FC6AF0800CAD614 /* Sources */,
				5FB677641FC6AF0800CAD614 /* Frameworks */,
				5FB677651FC6AF0800CAD614 /* Resources */,
			);
			buildRules = (
			);
			dependencies = (
			);
			name = Swift_03;
			productName = Swift_03;
			productReference = 5FB677671FC6AF0800CAD614 /* Swift_03.app */;
			productType = "com.apple.product-type.application";
		};
		5FB6777A1FC6AF0900CAD614 /* Swift_03Tests */ = {
			isa = PBXNativeTarget;
			buildConfigurationList = 5FB677921FC6AF0900CAD614 /* Build configuration list for PBXNativeTarget "Swift_03Tests" */;
			buildPhases = (
				5FB677771FC6AF0900CAD614 /* Sources */,
				5FB677781FC6AF0900CAD614 /* Frameworks */,
				5FB677791FC6AF0900CAD614 /* Resources */,
			);
			buildRules = (
			);
			dependencies = (
				5FB6777D1FC6AF0900CAD614 /* PBXTargetDependency */,
			);
			name = Swift_03Tests;
			productName = Swift_03Tests;
			productReference = 5FB6777B1FC6AF0900CAD614 /* Swift_03Tests.xctest */;
			productType = "com.apple.product-type.bundle.unit-test";
		};
		5FB677851FC6AF0900CAD614 /* Swift_03UITests */ = {
			isa = PBXNativeTarget;
			buildConfigurationList = 5FB677951FC6AF0900CAD614 /* Build configuration list for PBXNativeTarget "Swift_03UITests" */;
			buildPhases = (
				5FB677821FC6AF0900CAD614 /* Sources */,
				5FB677831FC6AF0900CAD614 /* Frameworks */,
				5FB677841FC6AF0900CAD614 /* Resources */,
			);
			buildRules = (
			);
			dependencies = (
				5FB677881FC6AF0900CAD614 /* PBXTargetDependency */,
			);
			name = Swift_03UITests;
			productName = Swift_03UITests;
			productReference = 5FB677861FC6AF0900CAD614 /* Swift_03UITests.xctest */;
			productType = "com.apple.product-type.bundle.ui-testing";
		};
/* End PBXNativeTarget section */

/* Begin PBXProject section */
		5FB6775F1FC6AF0800CAD614 /* Project object */ = {
			isa = PBXProject;
			attributes = {
				LastSwiftUpdateCheck = 0900;
				LastUpgradeCheck = 0900;
				ORGANIZATIONNAME = "陈孟迪";
				TargetAttributes = {
					5FB677661FC6AF0800CAD614 = {
						CreatedOnToolsVersion = 9.0;
						ProvisioningStyle = Automatic;
					};
					5FB6777A1FC6AF0900CAD614 = {
						CreatedOnToolsVersion = 9.0;
						ProvisioningStyle = Automatic;
						TestTargetID = 5FB677661FC6AF0800CAD614;
					};
					5FB677851FC6AF0900CAD614 = {
						CreatedOnToolsVersion = 9.0;
						ProvisioningStyle = Automatic;
						TestTargetID = 5FB677661FC6AF0800CAD614;
					};
				};
			};
			buildConfigurationList = 5FB677621FC6AF0800CAD614 /* Build configuration list for PBXProject "Swift_03" */;
			compatibilityVersion = "Xcode 8.0";
			developmentRegion = en;
			hasScannedForEncodings = 0;
			knownRegions = (
				en,
				Base,
			);
			mainGroup = 5FB6775E1FC6AF0800CAD614;
			productRefGroup = 5FB677681FC6AF0800CAD614 /* Products */;
			projectDirPath = "";
			projectRoot = "";
			targets = (
				5FB677661FC6AF0800CAD614 /* Swift_03 */,
				5FB6777A1FC6AF0900CAD614 /* Swift_03Tests */,
				5FB677851FC6AF0900CAD614 /* Swift_03UITests */,
			);
		};
/* End PBXProject section */

/* Begin PBXResourcesBuildPhase section */
		5FB677651FC6AF0800CAD614 /* Resources */ = {
			isa = PBXResourcesBuildPhase;
			buildActionMask = 2147483647;
			files = (
				5FB677751FC6AF0800CAD614 /* LaunchScreen.storyboard in Resources */,
				5FB677721FC6AF0800CAD614 /* Assets.xcassets in Resources */,
				5FB677701FC6AF0800CAD614 /* Main.storyboard in Resources */,
			);
			runOnlyForDeploymentPostprocessing = 0;
		};
		5FB677791FC6AF0900CAD614 /* Resources */ = {
			isa = PBXResourcesBuildPhase;
			buildActionMask = 2147483647;
			files = (
			);
			runOnlyForDeploymentPostprocessing = 0;
		};
		5FB677841FC6AF0900CAD614 /* Resources */ = {
			isa = PBXResourcesBuildPhase;
			buildActionMask = 2147483647;
			files = (
			);
			runOnlyForDeploymentPostprocessing = 0;
		};
/* End PBXResourcesBuildPhase section */

/* Begin PBXSourcesBuildPhase section */
		5FB677631FC6AF0800CAD614 /* Sources */ = {
			isa = PBXSourcesBuildPhase;
			buildActionMask = 2147483647;
			files = (
				5FB6776D1FC6AF0800CAD614 /* ViewController.swift in Sources */,
				5FB6776B1FC6AF0800CAD614 /* AppDelegate.swift in Sources */,
			);
			runOnlyForDeploymentPostprocessing = 0;
		};
		5FB677771FC6AF0900CAD614 /* Sources */ = {
			isa = PBXSourcesBuildPhase;
			buildActionMask = 2147483647;
			files = (
				5FB677801FC6AF0900CAD614 /* Swift_03Tests.swift in Sources */,
			);
			runOnlyForDeploymentPostprocessing = 0;
		};
		5FB677821FC6AF0900CAD614 /* Sources */ = {
			isa = PBXSourcesBuildPhase;
			buildActionMask = 2147483647;
			files = (
				5FB6778B1FC6AF0900CAD614 /* Swift_03UITests.swift in Sources */,
			);
			runOnlyForDeploymentPostprocessing = 0;
		};
/* End PBXSourcesBuildPhase section */

/* Begin PBXTargetDependency section */
		5FB6777D1FC6AF0900CAD614 /* PBXTargetDependency */ = {
			isa = PBXTargetDependency;
			target = 5FB677661FC6AF0800CAD614 /* Swift_03 */;
			targetProxy = 5FB6777C1FC6AF0900CAD614 /* PBXContainerItemProxy */;
		};
		5FB677881FC6AF0900CAD614 /* PBXTargetDependency */ = {
			isa = PBXTargetDependency;
			target = 5FB677661FC6AF0800CAD614 /* Swift_03 */;
			targetProxy = 5FB677871FC6AF0900CAD614 /* PBXContainerItemProxy */;
		};
/* End PBXTargetDependency section */

/* Begin PBXVariantGroup section */
		5FB6776E1FC6AF0800CAD614 /* Main.storyboard */ = {
			isa = PBXVariantGroup;
			children = (
				5FB6776F1FC6AF0800CAD614 /* Base */,
			);
			name = Main.storyboard;
			sourceTree = "<group>";
		};
		5FB677731FC6AF0800CAD614 /* LaunchScreen.storyboard */ = {
			isa = PBXVariantGroup;
			children = (
				5FB677741FC6AF0800CAD614 /* Base */,
			);
			name = LaunchScreen.storyboard;
			sourceTree = "<group>";
		};
/* End PBXVariantGroup section */

/* Begin XCBuildConfiguration section */
		5FB6778D1FC6AF0900CAD614 /* Debug */ = {
			isa = XCBuildConfiguration;
			buildSettings = {
				ALWAYS_SEARCH_USER_PATHS = NO;
				CLANG_ANALYZER_NONNULL = YES;
				CLANG_ANALYZER_NUMBER_OBJECT_CONVERSION = YES_AGGRESSIVE;
				CLANG_CXX_LANGUAGE_STANDARD = "gnu++14";
				CLANG_CXX_LIBRARY = "libc++";
				CLANG_ENABLE_MODULES = YES;
				CLANG_ENABLE_OBJC_ARC = YES;
				CLANG_WARN_BLOCK_CAPTURE_AUTORELEASING = YES;
				CLANG_WARN_BOOL_CONVERSION = YES;
				CLANG_WARN_COMMA = YES;
				CLANG_WARN_CONSTANT_CONVERSION = YES;
				CLANG_WARN_DIRECT_OBJC_ISA_USAGE = YES_ERROR;
				CLANG_WARN_DOCUMENTATION_COMMENTS = YES;
				CLANG_WARN_EMPTY_BODY = YES;
				CLANG_WARN_ENUM_CONVERSION = YES;
				CLANG_WARN_INFINITE_RECURSION = YES;
				CLANG_WARN_INT_CONVERSION = YES;
				CLANG_WARN_NON_LITERAL_NULL_CONVERSION = YES;
				CLANG_WARN_OBJC_LITERAL_CONVERSION = YES;
				CLANG_WARN_OBJC_ROOT_CLASS = YES_ERROR;
				CLANG_WARN_RANGE_LOOP_ANALYSIS = YES;
				CLANG_WARN_STRICT_PROTOTYPES = YES;
				CLANG_WARN_SUSPICIOUS_MOVE = YES;
				CLANG_WARN_UNGUARDED_AVAILABILITY = YES_AGGRESSIVE;
				CLANG_WARN_UNREACHABLE_CODE = YES;
				CLANG_WARN__DUPLICATE_METHOD_MATCH = YES;
				CODE_SIGN_IDENTITY = "iPhone Developer";
				COPY_PHASE_STRIP = NO;
				DEBUG_INFORMATION_FORMAT = dwarf;
				ENABLE_STRICT_OBJC_MSGSEND = YES;
				ENABLE_TESTABILITY = YES;
				GCC_C_LANGUAGE_STANDARD = gnu11;
				GCC_DYNAMIC_NO_PIC = NO;
				GCC_NO_COMMON_BLOCKS = YES;
				GCC_OPTIMIZATION_LEVEL = 0;
				GCC_PREPROCESSOR_DEFINITIONS = (
					"DEBUG=1",
					"$(inherited)",
				);
				GCC_WARN_64_TO_32_BIT_CONVERSION = YES;
				GCC_WARN_ABOUT_RETURN_TYPE = YES_ERROR;
				GCC_WARN_UNDECLARED_SELECTOR = YES;
				GCC_WARN_UNINITIALIZED_AUTOS = YES_AGGRESSIVE;
				GCC_WARN_UNUSED_FUNCTION = YES;
				GCC_WARN_UNUSED_VARIABLE = YES;
				IPHONEOS_DEPLOYMENT_TARGET = 11.0;
				MTL_ENABLE_DEBUG_INFO = YES;
				ONLY_ACTIVE_ARCH = YES;
				SDKROOT = iphoneos;
				SWIFT_ACTIVE_COMPILATION_CONDITIONS = DEBUG;
				SWIFT_OPTIMIZATION_LEVEL = "-Onone";
			};
			name = Debug;
		};
		5FB6778E1FC6AF0900CAD614 /* Release */ = {
			isa = XCBuildConfiguration;
			buildSettings = {
				ALWAYS_SEARCH_USER_PATHS = NO;
				CLANG_ANALYZER_NONNULL = YES;
				CLANG_ANALYZER_NUMBER_OBJECT_CONVERSION = YES_AGGRESSIVE;
				CLANG_CXX_LANGUAGE_STANDARD = "gnu++14";
				CLANG_CXX_LIBRARY = "libc++";
				CLANG_ENABLE_MODULES = YES;
				CLANG_ENABLE_OBJC_ARC = YES;
				CLANG_WARN_BLOCK_CAPTURE_AUTORELEASING = YES;
				CLANG_WARN_BOOL_CONVERSION = YES;
				CLANG_WARN_COMMA = YES;
				CLANG_WARN_CONSTANT_CONVERSION = YES;
				CLANG_WARN_DIRECT_OBJC_ISA_USAGE = YES_ERROR;
				CLANG_WARN_DOCUMENTATION_COMMENTS = YES;
				CLANG_WARN_EMPTY_BODY = YES;
				CLANG_WARN_ENUM_CONVERSION = YES;
				CLANG_WARN_INFINITE_RECURSION = YES;
				CLANG_WARN_INT_CONVERSION = YES;
				CLANG_WARN_NON_LITERAL_NULL_CONVERSION = YES;
				CLANG_WARN_OBJC_LITERAL_CONVERSION = YES;
				CLANG_WARN_OBJC_ROOT_CLASS = YES_ERROR;
				CLANG_WARN_RANGE_LOOP_ANALYSIS = YES;
				CLANG_WARN_STRICT_PROTOTYPES = YES;
				CLANG_WARN_SUSPICIOUS_MOVE = YES;
				CLANG_WARN_UNGUARDED_AVAILABILITY = YES_AGGRESSIVE;
				CLANG_WARN_UNREACHABLE_CODE = YES;
				CLANG_WARN__DUPLICATE_METHOD_MATCH = YES;
				CODE_SIGN_IDENTITY = "iPhone Developer";
				COPY_PHASE_STRIP = NO;
				DEBUG_INFORMATION_FORMAT = "dwarf-with-dsym";
				ENABLE_NS_ASSERTIONS = NO;
				ENABLE_STRICT_OBJC_MSGSEND = YES;
				GCC_C_LANGUAGE_STANDARD = gnu11;
				GCC_NO_COMMON_BLOCKS = YES;
				GCC_WARN_64_TO_32_BIT_CONVERSION = YES;
				GCC_WARN_ABOUT_RETURN_TYPE = YES_ERROR;
				GCC_WARN_UNDECLARED_SELECTOR = YES;
				GCC_WARN_UNINITIALIZED_AUTOS = YES_AGGRESSIVE;
				GCC_WARN_UNUSED_FUNCTION = YES;
				GCC_WARN_UNUSED_VARIABLE = YES;
				IPHONEOS_DEPLOYMENT_TARGET = 11.0;
				MTL_ENABLE_DEBUG_INFO = NO;
				SDKROOT = iphoneos;
				SWIFT_OPTIMIZATION_LEVEL = "-Owholemodule";
				VALIDATE_PRODUCT = YES;
			};
			name = Release;
		};
		5FB677901FC6AF0900CAD614 /* Debug */ = {
			isa = XCBuildConfiguration;
			buildSettings = {
				ASSETCATALOG_COMPILER_APPICON_NAME = AppIcon;
				CODE_SIGN_STYLE = Automatic;
				INFOPLIST_FILE = Swift_03/Info.plist;
				LD_RUNPATH_SEARCH_PATHS = "$(inherited) @executable_path/Frameworks";
				PRODUCT_BUNDLE_IDENTIFIER = "com.Swift-03";
				PRODUCT_NAME = "$(TARGET_NAME)";
				SWIFT_VERSION = 4.0;
				TARGETED_DEVICE_FAMILY = "1,2";
			};
			name = Debug;
		};
		5FB677911FC6AF0900CAD614 /* Release */ = {
			isa = XCBuildConfiguration;
			buildSettings = {
				ASSETCATALOG_COMPILER_APPICON_NAME = AppIcon;
				CODE_SIGN_STYLE = Automatic;
				INFOPLIST_FILE = Swift_03/Info.plist;
				LD_RUNPATH_SEARCH_PATHS = "$(inherited) @executable_path/Frameworks";
				PRODUCT_BUNDLE_IDENTIFIER = "com.Swift-03";
				PRODUCT_NAME = "$(TARGET_NAME)";
				SWIFT_VERSION = 4.0;
				TARGETED_DEVICE_FAMILY = "1,2";
			};
			name = Release;
		};
		5FB677931FC6AF0900CAD614 /* Debug */ = {
			isa = XCBuildConfiguration;
			buildSettings = {
				ALWAYS_EMBED_SWIFT_STANDARD_LIBRARIES = YES;
				BUNDLE_LOADER = "$(TEST_HOST)";
				CODE_SIGN_STYLE = Automatic;
				INFOPLIST_FILE = Swift_03Tests/Info.plist;
				LD_RUNPATH_SEARCH_PATHS = "$(inherited) @executable_path/Frameworks @loader_path/Frameworks";
				PRODUCT_BUNDLE_IDENTIFIER = "com.Swift-03Tests";
				PRODUCT_NAME = "$(TARGET_NAME)";
				SWIFT_VERSION = 4.0;
				TARGETED_DEVICE_FAMILY = "1,2";
				TEST_HOST = "$(BUILT_PRODUCTS_DIR)/Swift_03.app/Swift_03";
			};
			name = Debug;
		};
		5FB677941FC6AF0900CAD614 /* Release */ = {
			isa = XCBuildConfiguration;
			buildSettings = {
				ALWAYS_EMBED_SWIFT_STANDARD_LIBRARIES = YES;
				BUNDLE_LOADER = "$(TEST_HOST)";
				CODE_SIGN_STYLE = Automatic;
				INFOPLIST_FILE = Swift_03Tests/Info.plist;
				LD_RUNPATH_SEARCH_PATHS = "$(inherited) @executable_path/Frameworks @loader_path/Frameworks";
				PRODUCT_BUNDLE_IDENTIFIER = "com.Swift-03Tests";
				PRODUCT_NAME = "$(TARGET_NAME)";
				SWIFT_VERSION = 4.0;
				TARGETED_DEVICE_FAMILY = "1,2";
				TEST_HOST = "$(BUILT_PRODUCTS_DIR)/Swift_03.app/Swift_03";
			};
			name = Release;
		};
		5FB677961FC6AF0900CAD614 /* Debug */ = {
			isa = XCBuildConfiguration;
			buildSettings = {
				ALWAYS_EMBED_SWIFT_STANDARD_LIBRARIES = YES;
				CODE_SIGN_STYLE = Automatic;
				INFOPLIST_FILE = Swift_03UITests/Info.plist;
				LD_RUNPATH_SEARCH_PATHS = "$(inherited) @executable_path/Frameworks @loader_path/Frameworks";
				PRODUCT_BUNDLE_IDENTIFIER = "com.Swift-03UITests";
				PRODUCT_NAME = "$(TARGET_NAME)";
				SWIFT_VERSION = 4.0;
				TARGETED_DEVICE_FAMILY = "1,2";
				TEST_TARGET_NAME = Swift_03;
			};
			name = Debug;
		};
		5FB677971FC6AF0900CAD614 /* Release */ = {
			isa = XCBuildConfiguration;
			buildSettings = {
				ALWAYS_EMBED_SWIFT_STANDARD_LIBRARIES = YES;
				CODE_SIGN_STYLE = Automatic;
				INFOPLIST_FILE = Swift_03UITests/Info.plist;
				LD_RUNPATH_SEARCH_PATHS = "$(inherited) @executable_path/Frameworks @loader_path/Frameworks";
				PRODUCT_BUNDLE_IDENTIFIER = "com.Swift-03UITests";
				PRODUCT_NAME = "$(TARGET_NAME)";
				SWIFT_VERSION = 4.0;
				TARGETED_DEVICE_FAMILY = "1,2";
				TEST_TARGET_NAME = Swift_03;
			};
			name = Release;
		};
/* End XCBuildConfiguration section */

/* Begin XCConfigurationList section */
		5FB677621FC6AF0800CAD614 /* Build configuration list for PBXProject "Swift_03" */ = {
			isa = XCConfigurationList;
			buildConfigurations = (
				5FB6778D1FC6AF0900CAD614 /* Debug */,
				5FB6778E1FC6AF0900CAD614 /* Release */,
			);
			defaultConfigurationIsVisible = 0;
			defaultConfigurationName = Release;
		};
		5FB6778F1FC6AF0900CAD614 /* Build configuration list for PBXNativeTarget "Swift_03" */ = {
			isa = XCConfigurationList;
			buildConfigurations = (
				5FB677901FC6AF0900CAD614 /* Debug */,
				5FB677911FC6AF0900CAD614 /* Release */,
			);
			defaultConfigurationIsVisible = 0;
			defaultConfigurationName = Release;
		};
		5FB677921FC6AF0900CAD614 /* Build configuration list for PBXNativeTarget "Swift_03Tests" */ = {
			isa = XCConfigurationList;
			buildConfigurations = (
				5FB677931FC6AF0900CAD614 /* Debug */,
				5FB677941FC6AF0900CAD614 /* Release */,
			);
			defaultConfigurationIsVisible = 0;
			defaultConfigurationName = Release;
		};
		5FB677951FC6AF0900CAD614 /* Build configuration list for PBXNativeTarget "Swift_03UITests" */ = {
			isa = XCConfigurationList;
			buildConfigurations = (
				5FB677961FC6AF0900CAD614 /* Debug */,
				5FB677971FC6AF0900CAD614 /* Release */,
			);
			defaultConfigurationIsVisible = 0;
			defaultConfigurationName = Release;
		};
/* End XCConfigurationList section */
	};
	rootObject = 5FB6775F1FC6AF0800CAD614 /* Project object */;
}
